
Microsoft Visual Studio Solution File, Format Version 12.00
# Visual Studio 15
VisualStudioVersion = 15.0.25914.0
MinimumVisualStudioVersion = 10.0.40219.1
Project("{2150E333-8FDC-42A3-9474-1A3956D46DE8}") = "UblSharp", "UblSharp", "{2FD9073F-6877-4F20-B8D5-38CA50B1F704}"
EndProject
Project("{FAE04EC0-301F-11D3-BF4B-00C04F79EFBC}") = "UblSharp.Generator", "UblSharp.Generator\UblSharp.Generator.csproj", "{1274EAC3-AE2A-4E11-A650-82831AB31B61}"
EndProject
Project("{FAE04EC0-301F-11D3-BF4B-00C04F79EFBC}") = "UblSharp.Tests", "UblSharp.Tests\UblSharp.Tests.csproj", "{7D1885D8-05F0-4ABE-905A-339DC30CBCB6}"
EndProject
Project("{FAE04EC0-301F-11D3-BF4B-00C04F79EFBC}") = "UblSharp.Validation", "UblSharp.Validation\UblSharp.Validation.csproj", "{F08CE57A-D1D1-47BE-AB64-AC9A0EDEE724}"
EndProject
Project("{FAE04EC0-301F-11D3-BF4B-00C04F79EFBC}") = "UblSharp.NET40", "UblSharp\UblSharp.NET40.csproj", "{69321FBD-697F-49B6-86D1-4E4DCDF36514}"
EndProject
Project("{FAE04EC0-301F-11D3-BF4B-00C04F79EFBC}") = "UblSharp.NET45", "UblSharp\UblSharp.NET45.csproj", "{97A7A08A-82D9-440D-9E80-92DF10F4682B}"
EndProject
Project("{FAE04EC0-301F-11D3-BF4B-00C04F79EFBC}") = "UblSharp.Tests.Generator", "UblSharp.Tests.Generator\UblSharp.Tests.Generator.csproj", "{1F4D051D-5090-4A32-86F1-0329AB522983}"
EndProject
Project("{9A19103F-16F7-4668-BE54-9A1E7A4F7556}") = "UblSharp.VS2017", "UblSharp\UblSharp.VS2017.csproj", "{8318E713-8219-4DBE-95B0-F12ADCAFE577}"
EndProject
Global
	GlobalSection(SolutionConfigurationPlatforms) = preSolution
		Debug|Any CPU = Debug|Any CPU
		Release|Any CPU = Release|Any CPU
	EndGlobalSection
	GlobalSection(ProjectConfigurationPlatforms) = postSolution
		{1274EAC3-AE2A-4E11-A650-82831AB31B61}.Debug|Any CPU.ActiveCfg = Debug|Any CPU
		{1274EAC3-AE2A-4E11-A650-82831AB31B61}.Debug|Any CPU.Build.0 = Debug|Any CPU
		{1274EAC3-AE2A-4E11-A650-82831AB31B61}.Release|Any CPU.ActiveCfg = Release|Any CPU
		{1274EAC3-AE2A-4E11-A650-82831AB31B61}.Release|Any CPU.Build.0 = Release|Any CPU
		{7D1885D8-05F0-4ABE-905A-339DC30CBCB6}.Debug|Any CPU.ActiveCfg = Debug|Any CPU
		{7D1885D8-05F0-4ABE-905A-339DC30CBCB6}.Debug|Any CPU.Build.0 = Debug|Any CPU
		{7D1885D8-05F0-4ABE-905A-339DC30CBCB6}.Release|Any CPU.ActiveCfg = Release|Any CPU
		{7D1885D8-05F0-4ABE-905A-339DC30CBCB6}.Release|Any CPU.Build.0 = Release|Any CPU
		{F08CE57A-D1D1-47BE-AB64-AC9A0EDEE724}.Debug|Any CPU.ActiveCfg = Debug|Any CPU
		{F08CE57A-D1D1-47BE-AB64-AC9A0EDEE724}.Debug|Any CPU.Build.0 = Debug|Any CPU
		{F08CE57A-D1D1-47BE-AB64-AC9A0EDEE724}.Release|Any CPU.ActiveCfg = Release|Any CPU
		{F08CE57A-D1D1-47BE-AB64-AC9A0EDEE724}.Release|Any CPU.Build.0 = Release|Any CPU
		{69321FBD-697F-49B6-86D1-4E4DCDF36514}.Debug|Any CPU.ActiveCfg = Debug|Any CPU
		{69321FBD-697F-49B6-86D1-4E4DCDF36514}.Debug|Any CPU.Build.0 = Debug|Any CPU
		{69321FBD-697F-49B6-86D1-4E4DCDF36514}.Release|Any CPU.ActiveCfg = Release|Any CPU
		{69321FBD-697F-49B6-86D1-4E4DCDF36514}.Release|Any CPU.Build.0 = Release|Any CPU
		{97A7A08A-82D9-440D-9E80-92DF10F4682B}.Debug|Any CPU.ActiveCfg = Debug|Any CPU
		{97A7A08A-82D9-440D-9E80-92DF10F4682B}.Debug|Any CPU.Build.0 = Debug|Any CPU
		{97A7A08A-82D9-440D-9E80-92DF10F4682B}.Release|Any CPU.ActiveCfg = Release|Any CPU
		{97A7A08A-82D9-440D-9E80-92DF10F4682B}.Release|Any CPU.Build.0 = Release|Any CPU
		{1F4D051D-5090-4A32-86F1-0329AB522983}.Debug|Any CPU.ActiveCfg = Debug|Any CPU
		{1F4D051D-5090-4A32-86F1-0329AB522983}.Debug|Any CPU.Build.0 = Debug|Any CPU
		{1F4D051D-5090-4A32-86F1-0329AB522983}.Release|Any CPU.ActiveCfg = Release|Any CPU
		{1F4D051D-5090-4A32-86F1-0329AB522983}.Release|Any CPU.Build.0 = Release|Any CPU
		{8318E713-8219-4DBE-95B0-F12ADCAFE577}.Debug|Any CPU.ActiveCfg = Release|Any CPU
		{8318E713-8219-4DBE-95B0-F12ADCAFE577}.Debug|Any CPU.Build.0 = Release|Any CPU
		{8318E713-8219-4DBE-95B0-F12ADCAFE577}.Release|Any CPU.ActiveCfg = Release|Any CPU
		{8318E713-8219-4DBE-95B0-F12ADCAFE577}.Release|Any CPU.Build.0 = Release|Any CPU
	EndGlobalSection
	GlobalSection(SolutionProperties) = preSolution
		HideSolutionNode = FALSE
	EndGlobalSection
	GlobalSection(NestedProjects) = preSolution
		{69321FBD-697F-49B6-86D1-4E4DCDF36514} = {2FD9073F-6877-4F20-B8D5-38CA50B1F704}
		{97A7A08A-82D9-440D-9E80-92DF10F4682B} = {2FD9073F-6877-4F20-B8D5-38CA50B1F704}
		{8318E713-8219-4DBE-95B0-F12ADCAFE577} = {2FD9073F-6877-4F20-B8D5-38CA50B1F704}
	EndGlobalSection
EndGlobal
